
Microsoft Visual Studio Solution File, Format Version 12.00
# Visual Studio 15
Project("{FAE04EC0-301F-11D3-BF4B-00C04F79EFBC}") = "CoreAPI", "CoreAPI\CoreAPI.csproj", "{E22F2291-2028-40FA-81EA-FBB2BEE22274}"
EndProject
Global
	GlobalSection(SolutionConfigurationPlatforms) = preSolution
		Debug|Any CPU = Debug|Any CPU
		Release|Any CPU = Release|Any CPU
	EndGlobalSection
	GlobalSection(ProjectConfigurationPlatforms) = postSolution
		{E22F2291-2028-40FA-81EA-FBB2BEE22274}.Debug|Any CPU.ActiveCfg = Debug|Any CPU
		{E22F2291-2028-40FA-81EA-FBB2BEE22274}.Debug|Any CPU.Build.0 = Debug|Any CPU
		{E22F2291-2028-40FA-81EA-FBB2BEE22274}.Release|Any CPU.ActiveCfg = Release|Any CPU
		{E22F2291-2028-40FA-81EA-FBB2BEE22274}.Release|Any CPU.Build.0 = Release|Any CPU
	EndGlobalSection
EndGlobal
